{
  "nodes": {
    "godot-cpp": {
      "flake": false,
      "locked": {
        "lastModified": 1738085337,
        "narHash": "sha256-fB9Up9PiwgxnVi4witcm3LEbg0Z/MiRblhmEbjpI/I4=",
        "owner": "godotengine",
        "repo": "godot-cpp",
        "rev": "f3a1a2fd458dfaf4de08c906f22a2fe9e924b16f",
        "type": "github"
      },
      "original": {
        "owner": "godotengine",
        "ref": "f3a1a2fd458dfaf4de08c906f22a2fe9e924b16f",
        "repo": "godot-cpp",
        "type": "github"
      }
    },
    "nixpkgs": {
      "locked": {
        "lastModified": 1741379970,
        "narHash": "sha256-Wh7esNh7G24qYleLvgOSY/7HlDUzWaL/n4qzlBePpiw=",
        "owner": "NixOS",
        "repo": "nixpkgs",
        "rev": "36fd87baa9083f34f7f5027900b62ee6d09b1f2f",
        "type": "github"
      },
      "original": {
        "owner": "NixOS",
        "ref": "nixos-unstable",
        "repo": "nixpkgs",
        "type": "github"
      }
    },
    "root": {
      "inputs": {
        "godot-cpp": "godot-cpp",
        "nixpkgs": "nixpkgs"
      }
    }
  },
  "root": "root",
  "version": 7
}
